<?xml version="1.0" encoding="utf-8"?>
<Project ToolsVersion="4.0" xmlns="http://schemas.microsoft.com/developer/msbuild/2003">
  <ItemGroup>
    <Filter Include="Source Files">
      <UniqueIdentifier>{6977ed52-6afe-4816-95d0-c3ab7bd4efa7}</UniqueIdentifier>
      <Extensions>cpp;c;cxx;rc;def;r;odl;idl;hpj;bat</Extensions>
    </Filter>
    <Filter Include="Header Files">
      <UniqueIdentifier>{40777ade-5b10-4394-945d-97df766c76ea}</UniqueIdentifier>
      <Extensions>h;hpp;hxx;hm;inl</Extensions>
    </Filter>
  </ItemGroup>
  <ItemGroup>
    <ClCompile Include="TORCSLink.c">
      <Filter>Source Files</Filter>
    </ClCompile>
    <ClCompile Include="matlabUoB.cpp">
      <Filter>Source Files</Filter>
    </ClCompile>
    <ClCompile Include="CarControl.cpp">
      <Filter>Source Files</Filter>
    </ClCompile>
    <ClCompile Include="mycar.cpp">
      <Filter>Source Files</Filter>
    </ClCompile>
    <ClCompile Include="ObstacleSensors.cpp">
      <Filter>Source Files</Filter>
    </ClCompile>
    <ClCompile Include="pathfinder.cpp">
      <Filter>Source Files</Filter>
    </ClCompile>
    <ClCompile Include="sensors.cpp">
      <Filter>Source Files</Filter>
    </ClCompile>
    <ClCompile Include="SimpleParser.cpp">
      <Filter>Source Files</Filter>
    </ClCompile>
    <ClCompile Include="spline.cpp">
      <Filter>Source Files</Filter>
    </ClCompile>
    <ClCompile Include="trackdesc.cpp">
      <Filter>Source Files</Filter>
    </ClCompile>
  </ItemGroup>
  <ItemGroup>
    <None Include="README.md" />
  </ItemGroup>
  <ItemGroup>
    <ClInclude Include="TORCSLink.h">
      <Filter>Header Files</Filter>
    </ClInclude>
    <ClInclude Include="berniw.h">
      <Filter>Header Files</Filter>
    </ClInclude>
    <ClInclude Include="CarControl.h">
      <Filter>Header Files</Filter>
    </ClInclude>
    <ClInclude Include="linalg.h">
      <Filter>Header Files</Filter>
    </ClInclude>
    <ClInclude Include="mycar.h">
      <Filter>Header Files</Filter>
    </ClInclude>
    <ClInclude Include="ObstacleSensors.h">
      <Filter>Header Files</Filter>
    </ClInclude>
    <ClInclude Include="pathfinder.h">
      <Filter>Header Files</Filter>
    </ClInclude>
    <ClInclude Include="sensors.h">
      <Filter>Header Files</Filter>
    </ClInclude>
    <ClInclude Include="SimpleParser.h">
      <Filter>Header Files</Filter>
    </ClInclude>
    <ClInclude Include="spline.h">
      <Filter>Header Files</Filter>
    </ClInclude>
    <ClInclude Include="trackdesc.h">
      <Filter>Header Files</Filter>
    </ClInclude>
  </ItemGroup>
  <ItemGroup>
    <Xml Include="matlabUoB.xml" />
  </ItemGroup>
  <ItemGroup>
    <CustomBuild Include="matlabUoB.def">
      <Filter>Source Files</Filter>
    </CustomBuild>
  </ItemGroup>
</Project>